
Microsoft Visual Studio Solution File, Format Version 12.00
# Visual Studio Version 17
VisualStudioVersion = 17.5.002.0
MinimumVisualStudioVersion = 10.0.40219.1
Project("{9A19103F-16F7-4668-BE54-9A1E7A4F7556}") = "File Manager", "File Manager.csproj", "{F6AA7540-55B5-4DEC-845F-70D4C052F7F3}"
EndProject
Global
	GlobalSection(SolutionConfigurationPlatforms) = preSolution
		Debug|Any CPU = Debug|Any CPU
		Release|Any CPU = Release|Any CPU
	EndGlobalSection
	GlobalSection(ProjectConfigurationPlatforms) = postSolution
		{F6AA7540-55B5-4DEC-845F-70D4C052F7F3}.Debug|Any CPU.ActiveCfg = Debug|Any CPU
		{F6AA7540-55B5-4DEC-845F-70D4C052F7F3}.Debug|Any CPU.Build.0 = Debug|Any CPU
		{F6AA7540-55B5-4DEC-845F-70D4C052F7F3}.Release|Any CPU.ActiveCfg = Release|Any CPU
		{F6AA7540-55B5-4DEC-845F-70D4C052F7F3}.Release|Any CPU.Build.0 = Release|Any CPU
	EndGlobalSection
	GlobalSection(SolutionProperties) = preSolution
		HideSolutionNode = FALSE
	EndGlobalSection
	GlobalSection(ExtensibilityGlobals) = postSolution
		SolutionGuid = {0AEB0203-2DC3-47F9-A769-E9385918110D}
	EndGlobalSection
EndGlobal
